
Microsoft Visual Studio Solution File, Format Version 12.00
# Visual Studio Version 17
VisualStudioVersion = 17.10.35013.160
MinimumVisualStudioVersion = 10.0.40219.1
Project("{FAE04EC0-301F-11D3-BF4B-00C04F79EFBC}") = "HC.WebApi", "HC.WebApi\HC.WebApi.csproj", "{93A7AC8D-0D19-427B-B151-159B66BD123C}"
EndProject
Project("{2150E333-8FDC-42A3-9474-1A3956D46DE8}") = "01.HC.WebApi", "01.HC.WebApi", "{2FDAD97F-6D11-45B4-9C2A-AA7EE62B1BB6}"
EndProject
Project("{2150E333-8FDC-42A3-9474-1A3956D46DE8}") = "02.HC.Manager", "02.HC.Manager", "{48EC801A-5F1B-475C-BD03-F3B2E7FF651A}"
EndProject
Project("{2150E333-8FDC-42A3-9474-1A3956D46DE8}") = "03.HC.Data", "03.HC.Data", "{038A3193-28CB-491B-BC3F-192772BDE155}"
EndProject
Project("{2150E333-8FDC-42A3-9474-1A3956D46DE8}") = "04.HC.Core", "04.HC.Core", "{B429B008-0761-4B22-8496-2348596B4D59}"
EndProject
Project("{2150E333-8FDC-42A3-9474-1A3956D46DE8}") = "05.HC.Tests", "05.HC.Tests", "{DC53266F-F1ED-437D-BCC0-B42E9B5A2734}"
EndProject
Project("{FAE04EC0-301F-11D3-BF4B-00C04F79EFBC}") = "HC.Manager", "HC.Manager\HC.Manager.csproj", "{2B02C6E8-1BE3-4927-9F8E-4C18666D4EF1}"
EndProject
Project("{FAE04EC0-301F-11D3-BF4B-00C04F79EFBC}") = "HC.Data", "HC.Data\HC.Data.csproj", "{76B53BD8-35CA-4078-8D0C-7C69B9631930}"
EndProject
Project("{FAE04EC0-301F-11D3-BF4B-00C04F79EFBC}") = "HC.Core", "HC.Core\HC.Core.csproj", "{D636A333-4076-4BF3-9918-4C5029FD3183}"
EndProject
Project("{FAE04EC0-301F-11D3-BF4B-00C04F79EFBC}") = "HC.Tests", "HC.Tests\HC.Tests.csproj", "{D728A75F-8F1B-4FB7-A0AB-01C716A44921}"
EndProject
Global
	GlobalSection(SolutionConfigurationPlatforms) = preSolution
		Debug|Any CPU = Debug|Any CPU
		Release|Any CPU = Release|Any CPU
	EndGlobalSection
	GlobalSection(ProjectConfigurationPlatforms) = postSolution
		{93A7AC8D-0D19-427B-B151-159B66BD123C}.Debug|Any CPU.ActiveCfg = Debug|Any CPU
		{93A7AC8D-0D19-427B-B151-159B66BD123C}.Debug|Any CPU.Build.0 = Debug|Any CPU
		{93A7AC8D-0D19-427B-B151-159B66BD123C}.Release|Any CPU.ActiveCfg = Release|Any CPU
		{93A7AC8D-0D19-427B-B151-159B66BD123C}.Release|Any CPU.Build.0 = Release|Any CPU
		{2B02C6E8-1BE3-4927-9F8E-4C18666D4EF1}.Debug|Any CPU.ActiveCfg = Debug|Any CPU
		{2B02C6E8-1BE3-4927-9F8E-4C18666D4EF1}.Debug|Any CPU.Build.0 = Debug|Any CPU
		{2B02C6E8-1BE3-4927-9F8E-4C18666D4EF1}.Release|Any CPU.ActiveCfg = Release|Any CPU
		{2B02C6E8-1BE3-4927-9F8E-4C18666D4EF1}.Release|Any CPU.Build.0 = Release|Any CPU
		{76B53BD8-35CA-4078-8D0C-7C69B9631930}.Debug|Any CPU.ActiveCfg = Debug|Any CPU
		{76B53BD8-35CA-4078-8D0C-7C69B9631930}.Debug|Any CPU.Build.0 = Debug|Any CPU
		{76B53BD8-35CA-4078-8D0C-7C69B9631930}.Release|Any CPU.ActiveCfg = Release|Any CPU
		{76B53BD8-35CA-4078-8D0C-7C69B9631930}.Release|Any CPU.Build.0 = Release|Any CPU
		{D636A333-4076-4BF3-9918-4C5029FD3183}.Debug|Any CPU.ActiveCfg = Debug|Any CPU
		{D636A333-4076-4BF3-9918-4C5029FD3183}.Debug|Any CPU.Build.0 = Debug|Any CPU
		{D636A333-4076-4BF3-9918-4C5029FD3183}.Release|Any CPU.ActiveCfg = Release|Any CPU
		{D636A333-4076-4BF3-9918-4C5029FD3183}.Release|Any CPU.Build.0 = Release|Any CPU
		{D728A75F-8F1B-4FB7-A0AB-01C716A44921}.Debug|Any CPU.ActiveCfg = Debug|Any CPU
		{D728A75F-8F1B-4FB7-A0AB-01C716A44921}.Debug|Any CPU.Build.0 = Debug|Any CPU
		{D728A75F-8F1B-4FB7-A0AB-01C716A44921}.Release|Any CPU.ActiveCfg = Release|Any CPU
		{D728A75F-8F1B-4FB7-A0AB-01C716A44921}.Release|Any CPU.Build.0 = Release|Any CPU
	EndGlobalSection
	GlobalSection(SolutionProperties) = preSolution
		HideSolutionNode = FALSE
	EndGlobalSection
	GlobalSection(NestedProjects) = preSolution
		{93A7AC8D-0D19-427B-B151-159B66BD123C} = {2FDAD97F-6D11-45B4-9C2A-AA7EE62B1BB6}
		{2B02C6E8-1BE3-4927-9F8E-4C18666D4EF1} = {48EC801A-5F1B-475C-BD03-F3B2E7FF651A}
		{76B53BD8-35CA-4078-8D0C-7C69B9631930} = {038A3193-28CB-491B-BC3F-192772BDE155}
		{D636A333-4076-4BF3-9918-4C5029FD3183} = {B429B008-0761-4B22-8496-2348596B4D59}
		{D728A75F-8F1B-4FB7-A0AB-01C716A44921} = {DC53266F-F1ED-437D-BCC0-B42E9B5A2734}
	EndGlobalSection
	GlobalSection(ExtensibilityGlobals) = postSolution
		SolutionGuid = {7814387C-635E-4BC1-A4AA-076841654662}
	EndGlobalSection
EndGlobal
